
Microsoft Visual Studio Solution File, Format Version 12.00
# Visual Studio Version 16
VisualStudioVersion = 16.0.31624.102
MinimumVisualStudioVersion = 10.0.40219.1
Project("{8BC9CEB8-8B4A-11D0-8D11-00A0C91BC942}") = "tictactoe", "tictactoe\tictactoe.vcxproj", "{9897F1FE-FBB6-4108-AD24-2637E8591D18}"
EndProject
Global
	GlobalSection(SolutionConfigurationPlatforms) = preSolution
		Debug|x64 = Debug|x64
		Debug|x86 = Debug|x86
		Release|x64 = Release|x64
		Release|x86 = Release|x86
	EndGlobalSection
	GlobalSection(ProjectConfigurationPlatforms) = postSolution
		{9897F1FE-FBB6-4108-AD24-2637E8591D18}.Debug|x64.ActiveCfg = Debug|x64
		{9897F1FE-FBB6-4108-AD24-2637E8591D18}.Debug|x64.Build.0 = Debug|x64
		{9897F1FE-FBB6-4108-AD24-2637E8591D18}.Debug|x86.ActiveCfg = Debug|Win32
		{9897F1FE-FBB6-4108-AD24-2637E8591D18}.Debug|x86.Build.0 = Debug|Win32
		{9897F1FE-FBB6-4108-AD24-2637E8591D18}.Release|x64.ActiveCfg = Release|x64
		{9897F1FE-FBB6-4108-AD24-2637E8591D18}.Release|x64.Build.0 = Release|x64
		{9897F1FE-FBB6-4108-AD24-2637E8591D18}.Release|x86.ActiveCfg = Release|Win32
		{9897F1FE-FBB6-4108-AD24-2637E8591D18}.Release|x86.Build.0 = Release|Win32
	EndGlobalSection
	GlobalSection(SolutionProperties) = preSolution
		HideSolutionNode = FALSE
	EndGlobalSection
	GlobalSection(ExtensibilityGlobals) = postSolution
		SolutionGuid = {A5905BF7-B47E-4836-901E-F2DC30B3D543}
	EndGlobalSection
EndGlobal
